
Microsoft Visual Studio Solution File, Format Version 12.00
# Visual Studio Version 17
VisualStudioVersion = 17.9.34728.123
MinimumVisualStudioVersion = 10.0.40219.1
Project("{8BC9CEB8-8B4A-11D0-8D11-00A0C91BC942}") = "PBL2", "PBL2.vcxproj", "{B456B97C-B707-4AEA-BDE3-0033FE512A67}"
EndProject
Global
	GlobalSection(SolutionConfigurationPlatforms) = preSolution
		Debug|x64 = Debug|x64
		Debug|x86 = Debug|x86
		Release|x64 = Release|x64
		Release|x86 = Release|x86
	EndGlobalSection
	GlobalSection(ProjectConfigurationPlatforms) = postSolution
		{B456B97C-B707-4AEA-BDE3-0033FE512A67}.Debug|x64.ActiveCfg = Debug|x64
		{B456B97C-B707-4AEA-BDE3-0033FE512A67}.Debug|x64.Build.0 = Debug|x64
		{B456B97C-B707-4AEA-BDE3-0033FE512A67}.Debug|x86.ActiveCfg = Debug|Win32
		{B456B97C-B707-4AEA-BDE3-0033FE512A67}.Debug|x86.Build.0 = Debug|Win32
		{B456B97C-B707-4AEA-BDE3-0033FE512A67}.Release|x64.ActiveCfg = Release|x64
		{B456B97C-B707-4AEA-BDE3-0033FE512A67}.Release|x64.Build.0 = Release|x64
		{B456B97C-B707-4AEA-BDE3-0033FE512A67}.Release|x86.ActiveCfg = Release|Win32
		{B456B97C-B707-4AEA-BDE3-0033FE512A67}.Release|x86.Build.0 = Release|Win32
	EndGlobalSection
	GlobalSection(SolutionProperties) = preSolution
		HideSolutionNode = FALSE
	EndGlobalSection
	GlobalSection(ExtensibilityGlobals) = postSolution
		SolutionGuid = {5A3584AC-518D-4EB7-9DF4-B4596BCF3D45}
	EndGlobalSection
EndGlobal
